
Microsoft Visual Studio Solution File, Format Version 12.00
# Visual Studio 14
VisualStudioVersion = 14.0.25420.1
MinimumVisualStudioVersion = 10.0.40219.1
Project("{FAE04EC0-301F-11D3-BF4B-00C04F79EFBC}") = "Ticket to ride", "Ticket to ride\Ticket to ride.csproj", "{9F149A44-CBEB-48E4-98B6-537700D819DE}"
EndProject
Project("{FAE04EC0-301F-11D3-BF4B-00C04F79EFBC}") = "ConnectApi", "ConnectApi\ConnectApi.csproj", "{A795173C-4654-430C-8F2C-00040CD34601}"
EndProject
Project("{FAE04EC0-301F-11D3-BF4B-00C04F79EFBC}") = "TTRCommon", "TTRCommon\TTRCommon.csproj", "{699EBD1D-9F84-4B54-BB57-C9E391EA4175}"
EndProject
Global
	GlobalSection(SolutionConfigurationPlatforms) = preSolution
		Debug|Any CPU = Debug|Any CPU
		Release|Any CPU = Release|Any CPU
	EndGlobalSection
	GlobalSection(ProjectConfigurationPlatforms) = postSolution
		{9F149A44-CBEB-48E4-98B6-537700D819DE}.Debug|Any CPU.ActiveCfg = Debug|Any CPU
		{9F149A44-CBEB-48E4-98B6-537700D819DE}.Debug|Any CPU.Build.0 = Debug|Any CPU
		{9F149A44-CBEB-48E4-98B6-537700D819DE}.Release|Any CPU.ActiveCfg = Release|Any CPU
		{9F149A44-CBEB-48E4-98B6-537700D819DE}.Release|Any CPU.Build.0 = Release|Any CPU
		{A795173C-4654-430C-8F2C-00040CD34601}.Debug|Any CPU.ActiveCfg = Debug|Any CPU
		{A795173C-4654-430C-8F2C-00040CD34601}.Debug|Any CPU.Build.0 = Debug|Any CPU
		{A795173C-4654-430C-8F2C-00040CD34601}.Release|Any CPU.ActiveCfg = Release|Any CPU
		{A795173C-4654-430C-8F2C-00040CD34601}.Release|Any CPU.Build.0 = Release|Any CPU
		{699EBD1D-9F84-4B54-BB57-C9E391EA4175}.Debug|Any CPU.ActiveCfg = Debug|Any CPU
		{699EBD1D-9F84-4B54-BB57-C9E391EA4175}.Debug|Any CPU.Build.0 = Debug|Any CPU
		{699EBD1D-9F84-4B54-BB57-C9E391EA4175}.Release|Any CPU.ActiveCfg = Release|Any CPU
		{699EBD1D-9F84-4B54-BB57-C9E391EA4175}.Release|Any CPU.Build.0 = Release|Any CPU
	EndGlobalSection
	GlobalSection(SolutionProperties) = preSolution
		HideSolutionNode = FALSE
	EndGlobalSection
EndGlobal
